
Microsoft Visual Studio Solution File, Format Version 12.00
# Visual Studio 15
Project("{FAE04EC0-301F-11D3-BF4B-00C04F79EFBC}") = "Recommender.Android", "Platforms\Recommender.Android\Recommender.Android.csproj", "{70D6E8A8-7A4B-4B5A-83EE-8383FE4CAD92}"
EndProject
Project("{FAE04EC0-301F-11D3-BF4B-00C04F79EFBC}") = "Recommender.iOS", "Platforms\Recommender.iOS\Recommender.iOS.csproj", "{F63F56F5-F4ED-4FCC-BCA0-E1B06847CF38}"
EndProject
Project("{2150E333-8FDC-42A3-9474-1A3956D46DE8}") = "Platforms", "Platforms", "{81CFE93E-465F-4EFC-9B6F-9357C6DD83B6}"
EndProject
Project("{2150E333-8FDC-42A3-9474-1A3956D46DE8}") = "Repositories", "Repositories", "{B88CABA0-318C-4A0E-83E2-80C74F20DC4B}"
EndProject
Project("{FAE04EC0-301F-11D3-BF4B-00C04F79EFBC}") = "Recommender.Mocks", "Repositories\Recommender.Mocks\Recommender.Mocks.csproj", "{41F33D63-BBC1-46DF-A2ED-E24028665BF5}"
EndProject
Project("{2150E333-8FDC-42A3-9474-1A3956D46DE8}") = "Tests", "Tests", "{217A3276-A686-4471-B1D7-8B211BDB5082}"
EndProject
Project("{FAE04EC0-301F-11D3-BF4B-00C04F79EFBC}") = "Recommender.UnitTests", "Tests\Recommender.UnitTests\Recommender.UnitTests.csproj", "{69A86BC2-9354-40D7-AEEC-178453D9C8AD}"
EndProject
Project("{2150E333-8FDC-42A3-9474-1A3956D46DE8}") = "Contracts", "Contracts", "{32C81624-1280-44C5-B06A-B6DC423BEE66}"
EndProject
Project("{FAE04EC0-301F-11D3-BF4B-00C04F79EFBC}") = "Recommender.Core", "Contracts\Recommender.Core\Recommender.Core.csproj", "{A5075EE4-1D07-4C95-8AA7-688FE6382673}"
EndProject
Project("{FAE04EC0-301F-11D3-BF4B-00C04F79EFBC}") = "Recommender.API", "Repositories\Recommender.API\Recommender.API.csproj", "{627C1653-0F34-48C3-BAEA-1ABC4B8F7863}"
EndProject
Project("{FAE04EC0-301F-11D3-BF4B-00C04F79EFBC}") = "Recommender", "Recommender\Recommender.csproj", "{3467DE0B-F71F-4F62-8C07-D2A9CA7965E2}"
EndProject
Global
	GlobalSection(SolutionConfigurationPlatforms) = preSolution
		Debug|Any CPU = Debug|Any CPU
		Release|Any CPU = Release|Any CPU
		Debug|iPhoneSimulator = Debug|iPhoneSimulator
		Release|iPhoneSimulator = Release|iPhoneSimulator
		Debug|iPhone = Debug|iPhone
		Release|iPhone = Release|iPhone
	EndGlobalSection
	GlobalSection(ProjectConfigurationPlatforms) = postSolution
		{70D6E8A8-7A4B-4B5A-83EE-8383FE4CAD92}.Debug|Any CPU.ActiveCfg = Debug|Any CPU
		{70D6E8A8-7A4B-4B5A-83EE-8383FE4CAD92}.Debug|Any CPU.Build.0 = Debug|Any CPU
		{70D6E8A8-7A4B-4B5A-83EE-8383FE4CAD92}.Release|Any CPU.ActiveCfg = Release|Any CPU
		{70D6E8A8-7A4B-4B5A-83EE-8383FE4CAD92}.Release|Any CPU.Build.0 = Release|Any CPU
		{70D6E8A8-7A4B-4B5A-83EE-8383FE4CAD92}.Debug|iPhoneSimulator.ActiveCfg = Debug|Any CPU
		{70D6E8A8-7A4B-4B5A-83EE-8383FE4CAD92}.Debug|iPhoneSimulator.Build.0 = Debug|Any CPU
		{70D6E8A8-7A4B-4B5A-83EE-8383FE4CAD92}.Release|iPhoneSimulator.ActiveCfg = Release|Any CPU
		{70D6E8A8-7A4B-4B5A-83EE-8383FE4CAD92}.Release|iPhoneSimulator.Build.0 = Release|Any CPU
		{70D6E8A8-7A4B-4B5A-83EE-8383FE4CAD92}.Debug|iPhone.ActiveCfg = Debug|Any CPU
		{70D6E8A8-7A4B-4B5A-83EE-8383FE4CAD92}.Debug|iPhone.Build.0 = Debug|Any CPU
		{70D6E8A8-7A4B-4B5A-83EE-8383FE4CAD92}.Release|iPhone.ActiveCfg = Release|Any CPU
		{70D6E8A8-7A4B-4B5A-83EE-8383FE4CAD92}.Release|iPhone.Build.0 = Release|Any CPU
		{F63F56F5-F4ED-4FCC-BCA0-E1B06847CF38}.Debug|Any CPU.ActiveCfg = Debug|iPhoneSimulator
		{F63F56F5-F4ED-4FCC-BCA0-E1B06847CF38}.Debug|Any CPU.Build.0 = Debug|iPhoneSimulator
		{F63F56F5-F4ED-4FCC-BCA0-E1B06847CF38}.Release|Any CPU.ActiveCfg = Release|iPhoneSimulator
		{F63F56F5-F4ED-4FCC-BCA0-E1B06847CF38}.Release|Any CPU.Build.0 = Release|iPhoneSimulator
		{F63F56F5-F4ED-4FCC-BCA0-E1B06847CF38}.Debug|iPhoneSimulator.ActiveCfg = Debug|iPhoneSimulator
		{F63F56F5-F4ED-4FCC-BCA0-E1B06847CF38}.Debug|iPhoneSimulator.Build.0 = Debug|iPhoneSimulator
		{F63F56F5-F4ED-4FCC-BCA0-E1B06847CF38}.Release|iPhoneSimulator.ActiveCfg = Release|iPhoneSimulator
		{F63F56F5-F4ED-4FCC-BCA0-E1B06847CF38}.Release|iPhoneSimulator.Build.0 = Release|iPhoneSimulator
		{F63F56F5-F4ED-4FCC-BCA0-E1B06847CF38}.Debug|iPhone.ActiveCfg = Debug|iPhone
		{F63F56F5-F4ED-4FCC-BCA0-E1B06847CF38}.Debug|iPhone.Build.0 = Debug|iPhone
		{F63F56F5-F4ED-4FCC-BCA0-E1B06847CF38}.Release|iPhone.ActiveCfg = Release|iPhone
		{F63F56F5-F4ED-4FCC-BCA0-E1B06847CF38}.Release|iPhone.Build.0 = Release|iPhone
		{41F33D63-BBC1-46DF-A2ED-E24028665BF5}.Debug|Any CPU.ActiveCfg = Debug|Any CPU
		{41F33D63-BBC1-46DF-A2ED-E24028665BF5}.Debug|Any CPU.Build.0 = Debug|Any CPU
		{41F33D63-BBC1-46DF-A2ED-E24028665BF5}.Release|Any CPU.ActiveCfg = Release|Any CPU
		{41F33D63-BBC1-46DF-A2ED-E24028665BF5}.Release|Any CPU.Build.0 = Release|Any CPU
		{41F33D63-BBC1-46DF-A2ED-E24028665BF5}.Debug|iPhoneSimulator.ActiveCfg = Debug|Any CPU
		{41F33D63-BBC1-46DF-A2ED-E24028665BF5}.Debug|iPhoneSimulator.Build.0 = Debug|Any CPU
		{41F33D63-BBC1-46DF-A2ED-E24028665BF5}.Release|iPhoneSimulator.ActiveCfg = Release|Any CPU
		{41F33D63-BBC1-46DF-A2ED-E24028665BF5}.Release|iPhoneSimulator.Build.0 = Release|Any CPU
		{41F33D63-BBC1-46DF-A2ED-E24028665BF5}.Debug|iPhone.ActiveCfg = Debug|Any CPU
		{41F33D63-BBC1-46DF-A2ED-E24028665BF5}.Debug|iPhone.Build.0 = Debug|Any CPU
		{41F33D63-BBC1-46DF-A2ED-E24028665BF5}.Release|iPhone.ActiveCfg = Release|Any CPU
		{41F33D63-BBC1-46DF-A2ED-E24028665BF5}.Release|iPhone.Build.0 = Release|Any CPU
		{69A86BC2-9354-40D7-AEEC-178453D9C8AD}.Debug|Any CPU.ActiveCfg = Debug|Any CPU
		{69A86BC2-9354-40D7-AEEC-178453D9C8AD}.Debug|Any CPU.Build.0 = Debug|Any CPU
		{69A86BC2-9354-40D7-AEEC-178453D9C8AD}.Release|Any CPU.ActiveCfg = Release|Any CPU
		{69A86BC2-9354-40D7-AEEC-178453D9C8AD}.Release|Any CPU.Build.0 = Release|Any CPU
		{69A86BC2-9354-40D7-AEEC-178453D9C8AD}.Debug|iPhoneSimulator.ActiveCfg = Debug|Any CPU
		{69A86BC2-9354-40D7-AEEC-178453D9C8AD}.Debug|iPhoneSimulator.Build.0 = Debug|Any CPU
		{69A86BC2-9354-40D7-AEEC-178453D9C8AD}.Release|iPhoneSimulator.ActiveCfg = Release|Any CPU
		{69A86BC2-9354-40D7-AEEC-178453D9C8AD}.Release|iPhoneSimulator.Build.0 = Release|Any CPU
		{69A86BC2-9354-40D7-AEEC-178453D9C8AD}.Debug|iPhone.ActiveCfg = Debug|Any CPU
		{69A86BC2-9354-40D7-AEEC-178453D9C8AD}.Debug|iPhone.Build.0 = Debug|Any CPU
		{69A86BC2-9354-40D7-AEEC-178453D9C8AD}.Release|iPhone.ActiveCfg = Release|Any CPU
		{69A86BC2-9354-40D7-AEEC-178453D9C8AD}.Release|iPhone.Build.0 = Release|Any CPU
		{A5075EE4-1D07-4C95-8AA7-688FE6382673}.Debug|Any CPU.ActiveCfg = Debug|Any CPU
		{A5075EE4-1D07-4C95-8AA7-688FE6382673}.Debug|Any CPU.Build.0 = Debug|Any CPU
		{A5075EE4-1D07-4C95-8AA7-688FE6382673}.Release|Any CPU.ActiveCfg = Release|Any CPU
		{A5075EE4-1D07-4C95-8AA7-688FE6382673}.Release|Any CPU.Build.0 = Release|Any CPU
		{A5075EE4-1D07-4C95-8AA7-688FE6382673}.Debug|iPhoneSimulator.ActiveCfg = Debug|Any CPU
		{A5075EE4-1D07-4C95-8AA7-688FE6382673}.Debug|iPhoneSimulator.Build.0 = Debug|Any CPU
		{A5075EE4-1D07-4C95-8AA7-688FE6382673}.Release|iPhoneSimulator.ActiveCfg = Release|Any CPU
		{A5075EE4-1D07-4C95-8AA7-688FE6382673}.Release|iPhoneSimulator.Build.0 = Release|Any CPU
		{A5075EE4-1D07-4C95-8AA7-688FE6382673}.Debug|iPhone.ActiveCfg = Debug|Any CPU
		{A5075EE4-1D07-4C95-8AA7-688FE6382673}.Debug|iPhone.Build.0 = Debug|Any CPU
		{A5075EE4-1D07-4C95-8AA7-688FE6382673}.Release|iPhone.ActiveCfg = Release|Any CPU
		{A5075EE4-1D07-4C95-8AA7-688FE6382673}.Release|iPhone.Build.0 = Release|Any CPU
		{627C1653-0F34-48C3-BAEA-1ABC4B8F7863}.Debug|Any CPU.ActiveCfg = Debug|Any CPU
		{627C1653-0F34-48C3-BAEA-1ABC4B8F7863}.Debug|Any CPU.Build.0 = Debug|Any CPU
		{627C1653-0F34-48C3-BAEA-1ABC4B8F7863}.Release|Any CPU.ActiveCfg = Release|Any CPU
		{627C1653-0F34-48C3-BAEA-1ABC4B8F7863}.Release|Any CPU.Build.0 = Release|Any CPU
		{627C1653-0F34-48C3-BAEA-1ABC4B8F7863}.Debug|iPhoneSimulator.ActiveCfg = Debug|Any CPU
		{627C1653-0F34-48C3-BAEA-1ABC4B8F7863}.Debug|iPhoneSimulator.Build.0 = Debug|Any CPU
		{627C1653-0F34-48C3-BAEA-1ABC4B8F7863}.Release|iPhoneSimulator.ActiveCfg = Release|Any CPU
		{627C1653-0F34-48C3-BAEA-1ABC4B8F7863}.Release|iPhoneSimulator.Build.0 = Release|Any CPU
		{627C1653-0F34-48C3-BAEA-1ABC4B8F7863}.Debug|iPhone.ActiveCfg = Debug|Any CPU
		{627C1653-0F34-48C3-BAEA-1ABC4B8F7863}.Debug|iPhone.Build.0 = Debug|Any CPU
		{627C1653-0F34-48C3-BAEA-1ABC4B8F7863}.Release|iPhone.ActiveCfg = Release|Any CPU
		{627C1653-0F34-48C3-BAEA-1ABC4B8F7863}.Release|iPhone.Build.0 = Release|Any CPU
		{3467DE0B-F71F-4F62-8C07-D2A9CA7965E2}.Debug|Any CPU.ActiveCfg = Debug|Any CPU
		{3467DE0B-F71F-4F62-8C07-D2A9CA7965E2}.Debug|Any CPU.Build.0 = Debug|Any CPU
		{3467DE0B-F71F-4F62-8C07-D2A9CA7965E2}.Release|Any CPU.ActiveCfg = Release|Any CPU
		{3467DE0B-F71F-4F62-8C07-D2A9CA7965E2}.Release|Any CPU.Build.0 = Release|Any CPU
		{3467DE0B-F71F-4F62-8C07-D2A9CA7965E2}.Debug|iPhoneSimulator.ActiveCfg = Debug|Any CPU
		{3467DE0B-F71F-4F62-8C07-D2A9CA7965E2}.Debug|iPhoneSimulator.Build.0 = Debug|Any CPU
		{3467DE0B-F71F-4F62-8C07-D2A9CA7965E2}.Release|iPhoneSimulator.ActiveCfg = Release|Any CPU
		{3467DE0B-F71F-4F62-8C07-D2A9CA7965E2}.Release|iPhoneSimulator.Build.0 = Release|Any CPU
		{3467DE0B-F71F-4F62-8C07-D2A9CA7965E2}.Debug|iPhone.ActiveCfg = Debug|Any CPU
		{3467DE0B-F71F-4F62-8C07-D2A9CA7965E2}.Debug|iPhone.Build.0 = Debug|Any CPU
		{3467DE0B-F71F-4F62-8C07-D2A9CA7965E2}.Release|iPhone.ActiveCfg = Release|Any CPU
		{3467DE0B-F71F-4F62-8C07-D2A9CA7965E2}.Release|iPhone.Build.0 = Release|Any CPU
	EndGlobalSection
	GlobalSection(NestedProjects) = preSolution
		{70D6E8A8-7A4B-4B5A-83EE-8383FE4CAD92} = {81CFE93E-465F-4EFC-9B6F-9357C6DD83B6}
		{F63F56F5-F4ED-4FCC-BCA0-E1B06847CF38} = {81CFE93E-465F-4EFC-9B6F-9357C6DD83B6}
		{41F33D63-BBC1-46DF-A2ED-E24028665BF5} = {B88CABA0-318C-4A0E-83E2-80C74F20DC4B}
		{69A86BC2-9354-40D7-AEEC-178453D9C8AD} = {217A3276-A686-4471-B1D7-8B211BDB5082}
		{A5075EE4-1D07-4C95-8AA7-688FE6382673} = {32C81624-1280-44C5-B06A-B6DC423BEE66}
		{627C1653-0F34-48C3-BAEA-1ABC4B8F7863} = {B88CABA0-318C-4A0E-83E2-80C74F20DC4B}
	EndGlobalSection
EndGlobal
